# THIS IS AN AUTOGENERATED FILE. DO NOT EDIT THIS FILE DIRECTLY.
# yarn lockfile v1


"@types/node@^18.11.19":
  "integrity" "sha512-YUgMWAQBWLObABqrvx8qKO1enAvBUdjZOAWQ5grBAkp5LQv45jBvYKZ3oFS9iKRCQyFjqw6iuEa1vmFqtxYLZw=="
  "resolved" "https://registry.npmjs.org/@types/node/-/node-18.11.19.tgz"
  "version" "18.11.19"

"fs@^0.0.1-security":
  "integrity" "sha512-3XY9e1pP0CVEUCdj5BmfIZxRBTSDycnbqhIOGec9QYtmVH2fbLpj86CFWkrNOkt/Fvty4KZG5lTglL9j/gJ87w=="
  "resolved" "https://registry.npmjs.org/fs/-/fs-0.0.1-security.tgz"
  "version" "0.0.1-security"

"typescript@^4.9.5":
  "integrity" "sha512-1FXk9E2Hm+QzZQ7z+McJiHL4NW1F2EzMu9Nq9i3zAaGqibafqYwCVU6WyWAuyQRRzOlxou8xZSyXLEN8oKj24g=="
  "resolved" "https://registry.npmjs.org/typescript/-/typescript-4.9.5.tgz"
  "version" "4.9.5"
